{
  "name": "final-project",
  "lockfileVersion": 2,
  "requires": true,
  "packages": {
    "": {
      "dependencies": {
        "@travishorn/finance": "^1.0.2",
        "financejs": "^4.1.0"
      }
    },
    "node_modules/@travishorn/finance": {
      "version": "1.0.2",
      "resolved": "https://registry.npmjs.org/@travishorn/finance/-/finance-1.0.2.tgz",
      "integrity": "sha512-vIImV32qgLUz3gM/uSAH/pe1P1MHCBmVKRHRe4ZT8egCnn1a8JyUeNmfxf59ban2Y8rlkNsYgC3R3bz1E5yeOQ==",
      "engines": {
        "node": "^12.20.0 || ^14.13.1 || >=16.0.0"
      }
    },
    "node_modules/financejs": {
      "version": "4.1.0",
      "resolved": "https://registry.npmjs.org/financejs/-/financejs-4.1.0.tgz",
      "integrity": "sha512-IE/SpTfCRsdl4TZWCGLo6/NNeg0q0QjU9eOoIxy7BWPCAH2truL3uqK+Kwu3f3kLd1trJK5vRKO+KGRNwNIzfg=="
    }
  },
  "dependencies": {
    "@travishorn/finance": {
      "version": "1.0.2",
      "resolved": "https://registry.npmjs.org/@travishorn/finance/-/finance-1.0.2.tgz",
      "integrity": "sha512-vIImV32qgLUz3gM/uSAH/pe1P1MHCBmVKRHRe4ZT8egCnn1a8JyUeNmfxf59ban2Y8rlkNsYgC3R3bz1E5yeOQ=="
    },
    "financejs": {
      "version": "4.1.0",
      "resolved": "https://registry.npmjs.org/financejs/-/financejs-4.1.0.tgz",
      "integrity": "sha512-IE/SpTfCRsdl4TZWCGLo6/NNeg0q0QjU9eOoIxy7BWPCAH2truL3uqK+Kwu3f3kLd1trJK5vRKO+KGRNwNIzfg=="
    }
  }
}
